
Microsoft Visual Studio Solution File, Format Version 12.00
# Visual Studio Version 17
VisualStudioVersion = 17.14.36202.13
MinimumVisualStudioVersion = 10.0.40219.1
Project("{FAE04EC0-301F-11D3-BF4B-00C04F79EFBC}") = "LibrarySystem.Domain", "LibrarySystem.Domain\LibrarySystem.Domain.csproj", "{A8F66709-F6B1-47CF-9CA3-7B6B590C34C6}"
EndProject
Project("{FAE04EC0-301F-11D3-BF4B-00C04F79EFBC}") = "LibrarySystem.DAL", "LibrarySystem.DAL\LibrarySystem.DAL.csproj", "{F512A36F-BF1E-44AD-8462-0A673B7A4A1E}"
EndProject
Project("{FAE04EC0-301F-11D3-BF4B-00C04F79EFBC}") = "LibrarySystem.BLL", "LibrarySystem.BLL\LibrarySystem.BLL.csproj", "{4A81701B-170A-4B15-BD32-8C538DE0753A}"
EndProject
Project("{FAE04EC0-301F-11D3-BF4B-00C04F79EFBC}") = "LibrarySystem.App", "LibrarySystem.App\LibrarySystem.App.csproj", "{FCE25E79-7531-4C41-BEB8-75D39B3C8A75}"
EndProject
Project("{FAE04EC0-301F-11D3-BF4B-00C04F79EFBC}") = "LibrarySystem.Abstractions", "LibrarySystem.Abstractions\LibrarySystem.Abstractions.csproj", "{89D27D4A-725D-4203-9CC3-B05DEDB1F498}"
EndProject
Project("{FAE04EC0-301F-11D3-BF4B-00C04F79EFBC}") = "LibrarySystem.Tests.Unit", "LibrarySystem.Tests.Unit\LibrarySystem.Tests.Unit.csproj", "{E1EBBC3F-B08F-4363-8599-3D2AFDD3CCE5}"
EndProject
Project("{FAE04EC0-301F-11D3-BF4B-00C04F79EFBC}") = "LibrarySystem.WebApi", "LibrarySystem.WebApi\LibrarySystem.WebApi.csproj", "{06B3561E-73A2-4362-813F-C1F71D392E0D}"
EndProject
Project("{FAE04EC0-301F-11D3-BF4B-00C04F79EFBC}") = "LibrarySystem.Tests.Integration", "LibrarySystem.Tests.Integration\LibrarySystem.Tests.Integration.csproj", "{A2E1ADF5-C818-E479-7141-2632746A08B4}"
EndProject
Global
	GlobalSection(SolutionConfigurationPlatforms) = preSolution
		Debug|Any CPU = Debug|Any CPU
		Release|Any CPU = Release|Any CPU
	EndGlobalSection
	GlobalSection(ProjectConfigurationPlatforms) = postSolution
		{A8F66709-F6B1-47CF-9CA3-7B6B590C34C6}.Debug|Any CPU.ActiveCfg = Debug|Any CPU
		{A8F66709-F6B1-47CF-9CA3-7B6B590C34C6}.Debug|Any CPU.Build.0 = Debug|Any CPU
		{A8F66709-F6B1-47CF-9CA3-7B6B590C34C6}.Release|Any CPU.ActiveCfg = Release|Any CPU
		{A8F66709-F6B1-47CF-9CA3-7B6B590C34C6}.Release|Any CPU.Build.0 = Release|Any CPU
		{F512A36F-BF1E-44AD-8462-0A673B7A4A1E}.Debug|Any CPU.ActiveCfg = Debug|Any CPU
		{F512A36F-BF1E-44AD-8462-0A673B7A4A1E}.Debug|Any CPU.Build.0 = Debug|Any CPU
		{F512A36F-BF1E-44AD-8462-0A673B7A4A1E}.Release|Any CPU.ActiveCfg = Release|Any CPU
		{F512A36F-BF1E-44AD-8462-0A673B7A4A1E}.Release|Any CPU.Build.0 = Release|Any CPU
		{4A81701B-170A-4B15-BD32-8C538DE0753A}.Debug|Any CPU.ActiveCfg = Debug|Any CPU
		{4A81701B-170A-4B15-BD32-8C538DE0753A}.Debug|Any CPU.Build.0 = Debug|Any CPU
		{4A81701B-170A-4B15-BD32-8C538DE0753A}.Release|Any CPU.ActiveCfg = Release|Any CPU
		{4A81701B-170A-4B15-BD32-8C538DE0753A}.Release|Any CPU.Build.0 = Release|Any CPU
		{FCE25E79-7531-4C41-BEB8-75D39B3C8A75}.Debug|Any CPU.ActiveCfg = Debug|Any CPU
		{FCE25E79-7531-4C41-BEB8-75D39B3C8A75}.Debug|Any CPU.Build.0 = Debug|Any CPU
		{FCE25E79-7531-4C41-BEB8-75D39B3C8A75}.Release|Any CPU.ActiveCfg = Release|Any CPU
		{FCE25E79-7531-4C41-BEB8-75D39B3C8A75}.Release|Any CPU.Build.0 = Release|Any CPU
		{89D27D4A-725D-4203-9CC3-B05DEDB1F498}.Debug|Any CPU.ActiveCfg = Debug|Any CPU
		{89D27D4A-725D-4203-9CC3-B05DEDB1F498}.Debug|Any CPU.Build.0 = Debug|Any CPU
		{89D27D4A-725D-4203-9CC3-B05DEDB1F498}.Release|Any CPU.ActiveCfg = Release|Any CPU
		{89D27D4A-725D-4203-9CC3-B05DEDB1F498}.Release|Any CPU.Build.0 = Release|Any CPU
		{E1EBBC3F-B08F-4363-8599-3D2AFDD3CCE5}.Debug|Any CPU.ActiveCfg = Debug|Any CPU
		{E1EBBC3F-B08F-4363-8599-3D2AFDD3CCE5}.Debug|Any CPU.Build.0 = Debug|Any CPU
		{E1EBBC3F-B08F-4363-8599-3D2AFDD3CCE5}.Release|Any CPU.ActiveCfg = Release|Any CPU
		{E1EBBC3F-B08F-4363-8599-3D2AFDD3CCE5}.Release|Any CPU.Build.0 = Release|Any CPU
		{06B3561E-73A2-4362-813F-C1F71D392E0D}.Debug|Any CPU.ActiveCfg = Debug|Any CPU
		{06B3561E-73A2-4362-813F-C1F71D392E0D}.Debug|Any CPU.Build.0 = Debug|Any CPU
		{06B3561E-73A2-4362-813F-C1F71D392E0D}.Release|Any CPU.ActiveCfg = Release|Any CPU
		{06B3561E-73A2-4362-813F-C1F71D392E0D}.Release|Any CPU.Build.0 = Release|Any CPU
		{A2E1ADF5-C818-E479-7141-2632746A08B4}.Debug|Any CPU.ActiveCfg = Debug|Any CPU
		{A2E1ADF5-C818-E479-7141-2632746A08B4}.Debug|Any CPU.Build.0 = Debug|Any CPU
		{A2E1ADF5-C818-E479-7141-2632746A08B4}.Release|Any CPU.ActiveCfg = Release|Any CPU
		{A2E1ADF5-C818-E479-7141-2632746A08B4}.Release|Any CPU.Build.0 = Release|Any CPU
	EndGlobalSection
	GlobalSection(SolutionProperties) = preSolution
		HideSolutionNode = FALSE
	EndGlobalSection
	GlobalSection(ExtensibilityGlobals) = postSolution
		SolutionGuid = {EC69B7C1-8409-42E9-938F-3106006E0AA6}
	EndGlobalSection
EndGlobal
