
Microsoft Visual Studio Solution File, Format Version 12.00
# Visual Studio Version 17
VisualStudioVersion = 17.14.36202.13
MinimumVisualStudioVersion = 10.0.40219.1
Project("{FAE04EC0-301F-11D3-BF4B-00C04F79EFBC}") = "LibrarySystem.UI", "LibrarySystem.UI\LibrarySystem.UI.csproj", "{1F134352-01C8-4D83-8FE2-DE0D14CD8244}"
EndProject
Project("{FAE04EC0-301F-11D3-BF4B-00C04F79EFBC}") = "LibrarySystem.Domain", "LibrarySystem.Domain\LibrarySystem.Domain.csproj", "{A8F66709-F6B1-47CF-9CA3-7B6B590C34C6}"
EndProject
Project("{FAE04EC0-301F-11D3-BF4B-00C04F79EFBC}") = "LibrarySystem.BLL", "LibrarySystem.Application\LibrarySystem.BLL.csproj", "{4A81701B-170A-4B15-BD32-8C538DE0753A}"
EndProject
Project("{FAE04EC0-301F-11D3-BF4B-00C04F79EFBC}") = "LibrarySystem.DAL", "LibrarySystem.DAL\LibrarySystem.DAL.csproj", "{F512A36F-BF1E-44AD-8462-0A673B7A4A1E}"
EndProject
Global
	GlobalSection(SolutionConfigurationPlatforms) = preSolution
		Debug|Any CPU = Debug|Any CPU
		Release|Any CPU = Release|Any CPU
	EndGlobalSection
	GlobalSection(ProjectConfigurationPlatforms) = postSolution
		{1F134352-01C8-4D83-8FE2-DE0D14CD8244}.Debug|Any CPU.ActiveCfg = Debug|Any CPU
		{1F134352-01C8-4D83-8FE2-DE0D14CD8244}.Debug|Any CPU.Build.0 = Debug|Any CPU
		{1F134352-01C8-4D83-8FE2-DE0D14CD8244}.Release|Any CPU.ActiveCfg = Release|Any CPU
		{1F134352-01C8-4D83-8FE2-DE0D14CD8244}.Release|Any CPU.Build.0 = Release|Any CPU
		{A8F66709-F6B1-47CF-9CA3-7B6B590C34C6}.Debug|Any CPU.ActiveCfg = Debug|Any CPU
		{A8F66709-F6B1-47CF-9CA3-7B6B590C34C6}.Debug|Any CPU.Build.0 = Debug|Any CPU
		{A8F66709-F6B1-47CF-9CA3-7B6B590C34C6}.Release|Any CPU.ActiveCfg = Release|Any CPU
		{A8F66709-F6B1-47CF-9CA3-7B6B590C34C6}.Release|Any CPU.Build.0 = Release|Any CPU
		{4A81701B-170A-4B15-BD32-8C538DE0753A}.Debug|Any CPU.ActiveCfg = Debug|Any CPU
		{4A81701B-170A-4B15-BD32-8C538DE0753A}.Debug|Any CPU.Build.0 = Debug|Any CPU
		{4A81701B-170A-4B15-BD32-8C538DE0753A}.Release|Any CPU.ActiveCfg = Release|Any CPU
		{4A81701B-170A-4B15-BD32-8C538DE0753A}.Release|Any CPU.Build.0 = Release|Any CPU
		{F512A36F-BF1E-44AD-8462-0A673B7A4A1E}.Debug|Any CPU.ActiveCfg = Debug|Any CPU
		{F512A36F-BF1E-44AD-8462-0A673B7A4A1E}.Debug|Any CPU.Build.0 = Debug|Any CPU
		{F512A36F-BF1E-44AD-8462-0A673B7A4A1E}.Release|Any CPU.ActiveCfg = Release|Any CPU
		{F512A36F-BF1E-44AD-8462-0A673B7A4A1E}.Release|Any CPU.Build.0 = Release|Any CPU
	EndGlobalSection
	GlobalSection(SolutionProperties) = preSolution
		HideSolutionNode = FALSE
	EndGlobalSection
	GlobalSection(ExtensibilityGlobals) = postSolution
		SolutionGuid = {EC69B7C1-8409-42E9-938F-3106006E0AA6}
	EndGlobalSection
EndGlobal
